
Microsoft Visual Studio Solution File, Format Version 12.00
# Visual Studio Version 16
VisualStudioVersion = 16.0.30204.135
MinimumVisualStudioVersion = 10.0.40219.1
Project("{9A19103F-16F7-4668-BE54-9A1E7A4F7556}") = "Server", "Server\Server.csproj", "{7536FACE-0974-494D-A96A-1BFED01CAB4B}"
	ProjectSection(ProjectDependencies) = postProject
		{1A5DBD02-6889-4A38-A779-9E91862B39F5} = {1A5DBD02-6889-4A38-A779-9E91862B39F5}
	EndProjectSection
EndProject
Project("{9A19103F-16F7-4668-BE54-9A1E7A4F7556}") = "WebApi", "WebApi\WebApi.csproj", "{1A5DBD02-6889-4A38-A779-9E91862B39F5}"
EndProject
Project("{E53339B2-1760-4266-BCC7-CA923CBCF16C}") = "docker-compose", "docker-compose.dcproj", "{4ABBD8BE-D415-43E9-BC1D-6D9B56A25727}"
EndProject
Global
	GlobalSection(SolutionConfigurationPlatforms) = preSolution
		Debug|Any CPU = Debug|Any CPU
		Release|Any CPU = Release|Any CPU
	EndGlobalSection
	GlobalSection(ProjectConfigurationPlatforms) = postSolution
		{7536FACE-0974-494D-A96A-1BFED01CAB4B}.Debug|Any CPU.ActiveCfg = Debug|Any CPU
		{7536FACE-0974-494D-A96A-1BFED01CAB4B}.Debug|Any CPU.Build.0 = Debug|Any CPU
		{7536FACE-0974-494D-A96A-1BFED01CAB4B}.Release|Any CPU.ActiveCfg = Release|Any CPU
		{7536FACE-0974-494D-A96A-1BFED01CAB4B}.Release|Any CPU.Build.0 = Release|Any CPU
		{1A5DBD02-6889-4A38-A779-9E91862B39F5}.Debug|Any CPU.ActiveCfg = Debug|Any CPU
		{1A5DBD02-6889-4A38-A779-9E91862B39F5}.Debug|Any CPU.Build.0 = Debug|Any CPU
		{1A5DBD02-6889-4A38-A779-9E91862B39F5}.Release|Any CPU.ActiveCfg = Release|Any CPU
		{1A5DBD02-6889-4A38-A779-9E91862B39F5}.Release|Any CPU.Build.0 = Release|Any CPU
		{4ABBD8BE-D415-43E9-BC1D-6D9B56A25727}.Debug|Any CPU.ActiveCfg = Debug|Any CPU
		{4ABBD8BE-D415-43E9-BC1D-6D9B56A25727}.Debug|Any CPU.Build.0 = Debug|Any CPU
		{4ABBD8BE-D415-43E9-BC1D-6D9B56A25727}.Release|Any CPU.ActiveCfg = Release|Any CPU
		{4ABBD8BE-D415-43E9-BC1D-6D9B56A25727}.Release|Any CPU.Build.0 = Release|Any CPU
	EndGlobalSection
	GlobalSection(SolutionProperties) = preSolution
		HideSolutionNode = FALSE
	EndGlobalSection
	GlobalSection(ExtensibilityGlobals) = postSolution
		SolutionGuid = {1F18641D-529B-41F1-977A-C32184CB71F1}
	EndGlobalSection
EndGlobal
